
Microsoft Visual Studio Solution File, Format Version 12.00
# Visual Studio Version 17
VisualStudioVersion = 17.5.002.0
MinimumVisualStudioVersion = 10.0.40219.1
Project("{9A19103F-16F7-4668-BE54-9A1E7A4F7556}") = "CSharp", "CSharp.csproj", "{79F4401D-2EFF-4D10-8D4A-FC652779436E}"
EndProject
Global
	GlobalSection(SolutionConfigurationPlatforms) = preSolution
		Debug|Any CPU = Debug|Any CPU
		Release|Any CPU = Release|Any CPU
	EndGlobalSection
	GlobalSection(ProjectConfigurationPlatforms) = postSolution
		{79F4401D-2EFF-4D10-8D4A-FC652779436E}.Debug|Any CPU.ActiveCfg = Debug|Any CPU
		{79F4401D-2EFF-4D10-8D4A-FC652779436E}.Debug|Any CPU.Build.0 = Debug|Any CPU
		{79F4401D-2EFF-4D10-8D4A-FC652779436E}.Release|Any CPU.ActiveCfg = Release|Any CPU
		{79F4401D-2EFF-4D10-8D4A-FC652779436E}.Release|Any CPU.Build.0 = Release|Any CPU
	EndGlobalSection
	GlobalSection(SolutionProperties) = preSolution
		HideSolutionNode = FALSE
	EndGlobalSection
	GlobalSection(ExtensibilityGlobals) = postSolution
		SolutionGuid = {705155EC-6697-4F15-AA76-4D224F3B12FA}
	EndGlobalSection
EndGlobal
